
Microsoft Visual Studio Solution File, Format Version 12.00
# Visual Studio 15
VisualStudioVersion = 15.0.27130.2036
MinimumVisualStudioVersion = 10.0.40219.1
Project("{FAE04EC0-301F-11D3-BF4B-00C04F79EFBC}") = "Queue", "Queue\Queue.csproj", "{2ED54EE6-A94D-4859-ABE7-015A279632CF}"
EndProject
Global
	GlobalSection(SolutionConfigurationPlatforms) = preSolution
		Debug|Any CPU = Debug|Any CPU
		Release|Any CPU = Release|Any CPU
	EndGlobalSection
	GlobalSection(ProjectConfigurationPlatforms) = postSolution
		{2ED54EE6-A94D-4859-ABE7-015A279632CF}.Debug|Any CPU.ActiveCfg = Debug|Any CPU
		{2ED54EE6-A94D-4859-ABE7-015A279632CF}.Debug|Any CPU.Build.0 = Debug|Any CPU
		{2ED54EE6-A94D-4859-ABE7-015A279632CF}.Release|Any CPU.ActiveCfg = Release|Any CPU
		{2ED54EE6-A94D-4859-ABE7-015A279632CF}.Release|Any CPU.Build.0 = Release|Any CPU
	EndGlobalSection
	GlobalSection(SolutionProperties) = preSolution
		HideSolutionNode = FALSE
	EndGlobalSection
	GlobalSection(ExtensibilityGlobals) = postSolution
		SolutionGuid = {416711F5-2BB3-4CD2-BE47-A48FDD6F8060}
	EndGlobalSection
EndGlobal
