
Microsoft Visual Studio Solution File, Format Version 12.00
# Visual Studio 15
VisualStudioVersion = 15.0.27130.2036
MinimumVisualStudioVersion = 10.0.40219.1
Project("{FAE04EC0-301F-11D3-BF4B-00C04F79EFBC}") = "Tree", "Tree\Tree.csproj", "{94618B70-E368-4D7F-BBE8-A3836601F4F7}"
EndProject
Global
	GlobalSection(SolutionConfigurationPlatforms) = preSolution
		Debug|Any CPU = Debug|Any CPU
		Release|Any CPU = Release|Any CPU
	EndGlobalSection
	GlobalSection(ProjectConfigurationPlatforms) = postSolution
		{94618B70-E368-4D7F-BBE8-A3836601F4F7}.Debug|Any CPU.ActiveCfg = Debug|Any CPU
		{94618B70-E368-4D7F-BBE8-A3836601F4F7}.Debug|Any CPU.Build.0 = Debug|Any CPU
		{94618B70-E368-4D7F-BBE8-A3836601F4F7}.Release|Any CPU.ActiveCfg = Release|Any CPU
		{94618B70-E368-4D7F-BBE8-A3836601F4F7}.Release|Any CPU.Build.0 = Release|Any CPU
	EndGlobalSection
	GlobalSection(SolutionProperties) = preSolution
		HideSolutionNode = FALSE
	EndGlobalSection
	GlobalSection(ExtensibilityGlobals) = postSolution
		SolutionGuid = {697542A3-BE82-43DA-B160-7EFFD975914A}
	EndGlobalSection
EndGlobal
